{
  "name": "zustand-sugar",
  "version": "0.0.3",
  "lockfileVersion": 3,
  "requires": true,
  "packages": {
    "": {
      "name": "zustand-sugar",
      "version": "0.0.3",
      "license": "MIT",
      "devDependencies": {
        "typescript": "^5.6.3"
      },
      "peerDependencies": {
        "zustand": "^5.0.1"
      }
    },
    "node_modules/typescript": {
      "version": "5.6.3",
      "resolved": "https://registry.npmmirror.com/typescript/-/typescript-5.6.3.tgz",
      "integrity": "sha512-hjcS1mhfuyi4WW8IWtjP7brDrG2cuDZukyrYrSauoXGNgx0S7zceP07adYkJycEr56BOUTNPzbInooiN3fn1qw==",
      "dev": true,
      "bin": {
        "tsc": "bin/tsc",
        "tsserver": "bin/tsserver"
      },
      "engines": {
        "node": ">=14.17"
      }
    },
    "node_modules/zustand": {
      "version": "5.0.1",
      "resolved": "https://registry.npmmirror.com/zustand/-/zustand-5.0.1.tgz",
      "integrity": "sha512-pRET7Lao2z+n5R/HduXMio35TncTlSW68WsYBq2Lg1ASspsNGjpwLAsij3RpouyV6+kHMwwwzP0bZPD70/Jx/w==",
      "peer": true,
      "engines": {
        "node": ">=12.20.0"
      },
      "peerDependencies": {
        "@types/react": ">=18.0.0",
        "immer": ">=9.0.6",
        "react": ">=18.0.0",
        "use-sync-external-store": ">=1.2.0"
      },
      "peerDependenciesMeta": {
        "@types/react": {
          "optional": true
        },
        "immer": {
          "optional": true
        },
        "react": {
          "optional": true
        },
        "use-sync-external-store": {
          "optional": true
        }
      }
    }
  }
}
